
Microsoft Visual Studio Solution File, Format Version 12.00
# Visual Studio Version 17
VisualStudioVersion = 17.12.35527.113 d17.12
MinimumVisualStudioVersion = 10.0.40219.1
Project("{FAE04EC0-301F-11D3-BF4B-00C04F79EFBC}") = "TimeReporting", "TimeReporting/TimeReporting.csproj", "{F94CE983-717E-4227-97E8-BA618F174789}"
EndProject
Project("{FAE04EC0-301F-11D3-BF4B-00C04F79EFBC}") = "TimeReporting.Integration.Tests", "TimeReporting.Integration.Tests\TimeReporting.Integration.Tests.csproj", "{499AEE73-5FAA-49C1-89AE-93ED9FBD8B86}"
EndProject
Global
	GlobalSection(SolutionConfigurationPlatforms) = preSolution
		Debug|Any CPU = Debug|Any CPU
		Release|Any CPU = Release|Any CPU
	EndGlobalSection
	GlobalSection(ProjectConfigurationPlatforms) = postSolution
		{F94CE983-717E-4227-97E8-BA618F174789}.Debug|Any CPU.ActiveCfg = Debug|Any CPU
		{F94CE983-717E-4227-97E8-BA618F174789}.Debug|Any CPU.Build.0 = Debug|Any CPU
		{F94CE983-717E-4227-97E8-BA618F174789}.Release|Any CPU.ActiveCfg = Release|Any CPU
		{F94CE983-717E-4227-97E8-BA618F174789}.Release|Any CPU.Build.0 = Release|Any CPU
		{499AEE73-5FAA-49C1-89AE-93ED9FBD8B86}.Debug|Any CPU.ActiveCfg = Debug|Any CPU
		{499AEE73-5FAA-49C1-89AE-93ED9FBD8B86}.Debug|Any CPU.Build.0 = Debug|Any CPU
		{499AEE73-5FAA-49C1-89AE-93ED9FBD8B86}.Release|Any CPU.ActiveCfg = Release|Any CPU
		{499AEE73-5FAA-49C1-89AE-93ED9FBD8B86}.Release|Any CPU.Build.0 = Release|Any CPU
	EndGlobalSection
	GlobalSection(SolutionProperties) = preSolution
		HideSolutionNode = FALSE
	EndGlobalSection
EndGlobal
